
Microsoft Visual Studio Solution File, Format Version 12.00
# Visual Studio Version 16
VisualStudioVersion = 16.0.31229.75
MinimumVisualStudioVersion = 10.0.40219.1
Project("{FAE04EC0-301F-11D3-BF4B-00C04F79EFBC}") = "SerialQuickSort", "SerialQuickSort\SerialQuickSort.csproj", "{E69F52CB-FECC-4D7E-B3F0-DFD91F861102}"
EndProject
Global
	GlobalSection(SolutionConfigurationPlatforms) = preSolution
		Debug|Any CPU = Debug|Any CPU
		Release|Any CPU = Release|Any CPU
	EndGlobalSection
	GlobalSection(ProjectConfigurationPlatforms) = postSolution
		{E69F52CB-FECC-4D7E-B3F0-DFD91F861102}.Debug|Any CPU.ActiveCfg = Debug|Any CPU
		{E69F52CB-FECC-4D7E-B3F0-DFD91F861102}.Debug|Any CPU.Build.0 = Debug|Any CPU
		{E69F52CB-FECC-4D7E-B3F0-DFD91F861102}.Release|Any CPU.ActiveCfg = Release|Any CPU
		{E69F52CB-FECC-4D7E-B3F0-DFD91F861102}.Release|Any CPU.Build.0 = Release|Any CPU
	EndGlobalSection
	GlobalSection(SolutionProperties) = preSolution
		HideSolutionNode = FALSE
	EndGlobalSection
	GlobalSection(ExtensibilityGlobals) = postSolution
		SolutionGuid = {F1A608E2-F700-4975-9893-D35CA800F4E4}
	EndGlobalSection
EndGlobal
